Microsoft Visual Studio Solution File, Format Version 11.00
# Visual Studio 2015
Project("{74368945-24F5-59A1-3B57-CFBB39FA9A05}") = "BigData", "BigData.vcxproj", "{2592957F-323F-778D-75F7-D233462DCADA}"
EndProject
Global
	GlobalSection(SolutionConfigurationPlatforms) = preSolution
		Debug|x64 = Debug|x64
		Release|x64 = Release|x64
	EndGlobalSection
	GlobalSection(ProjectConfigurationPlatforms) = postSolution
		{2592957F-323F-778D-75F7-D233462DCADA}.Debug|x64.ActiveCfg = Debug|x64
		{2592957F-323F-778D-75F7-D233462DCADA}.Debug|x64.Build.0 = Debug|x64
		{2592957F-323F-778D-75F7-D233462DCADA}.Release|x64.ActiveCfg = Release|x64
		{2592957F-323F-778D-75F7-D233462DCADA}.Release|x64.Build.0 = Release|x64
	EndGlobalSection
	GlobalSection(SolutionProperties) = preSolution
		HideSolutionNode = FALSE
	EndGlobalSection
EndGlobal
